// !$*UTF8*$!
{
	archiveVersion = 1;
	classes = {
	};
	objectVersion = 46;
	objects = {

/* Begin PBXBuildFile section */
		F97464AA1C6FA0DD00FF6F44 /* AppDelegate.swift in Sources */ = {isa = PBXBuildFile; fileRef = F97464951C6FA0DD00FF6F44 /* AppDelegate.swift */; settings = {ASSET_TAGS = (); }; };
		F97464AB1C6FA0DD00FF6F44 /* TFTFifteenView.swift in Sources */ = {isa = PBXBuildFile; fileRef = F97464971C6FA0DD00FF6F44 /* TFTFifteenView.swift */; settings = {ASSET_TAGS = (); }; };
		F97464AC1C6FA0DD00FF6F44 /* TFTHighlightButton.swift in Sources */ = {isa = PBXBuildFile; fileRef = F97464981C6FA0DD00FF6F44 /* TFTHighlightButton.swift */; settings = {ASSET_TAGS = (); }; };
		F97464AD1C6FA0DD00FF6F44 /* TFTItemView.swift in Sources */ = {isa = PBXBuildFile; fileRef = F97464991C6FA0DD00FF6F44 /* TFTItemView.swift */; settings = {ASSET_TAGS = (); }; };
		F97464AE1C6FA0DD00FF6F44 /* TFTItemView.xib in Resources */ = {isa = PBXBuildFile; fileRef = F974649A1C6FA0DD00FF6F44 /* TFTItemView.xib */; settings = {ASSET_TAGS = (); }; };
		F97464AF1C6FA0DD00FF6F44 /* TFTFifteenVC.swift in Sources */ = {isa = PBXBuildFile; fileRef = F974649C1C6FA0DD00FF6F44 /* TFTFifteenVC.swift */; settings = {ASSET_TAGS = (); }; };
		F97464B01C6FA0DD00FF6F44 /* TFTMenuVC.swift in Sources */ = {isa = PBXBuildFile; fileRef = F974649D1C6FA0DD00FF6F44 /* TFTMenuVC.swift */; settings = {ASSET_TAGS = (); }; };
		F97464B11C6FA0DD00FF6F44 /* roguehero.ttf in Resources */ = {isa = PBXBuildFile; fileRef = F97464A01C6FA0DD00FF6F44 /* roguehero.ttf */; settings = {ASSET_TAGS = (); }; };
		F97464B21C6FA0DD00FF6F44 /* boxbg.jpg in Resources */ = {isa = PBXBuildFile; fileRef = F97464A21C6FA0DD00FF6F44 /* boxbg.jpg */; settings = {ASSET_TAGS = (); }; };
		F97464B31C6FA0DD00FF6F44 /* boxbg1.jpg in Resources */ = {isa = PBXBuildFile; fileRef = F97464A31C6FA0DD00FF6F44 /* boxbg1.jpg */; settings = {ASSET_TAGS = (); }; };
		F97464B41C6FA0DD00FF6F44 /* itemimage.jpg in Resources */ = {isa = PBXBuildFile; fileRef = F97464A41C6FA0DD00FF6F44 /* itemimage.jpg */; settings = {ASSET_TAGS = (); }; };
		F97464B51C6FA0DD00FF6F44 /* lightwood.jpg in Resources */ = {isa = PBXBuildFile; fileRef = F97464A51C6FA0DD00FF6F44 /* lightwood.jpg */; settings = {ASSET_TAGS = (); }; };
		F97464B61C6FA0DD00FF6F44 /* woodbg.jpg in Resources */ = {isa = PBXBuildFile; fileRef = F97464A61C6FA0DD00FF6F44 /* woodbg.jpg */; settings = {ASSET_TAGS = (); }; };
		F97464B71C6FA0DD00FF6F44 /* woodtext.jpg in Resources */ = {isa = PBXBuildFile; fileRef = F97464A71C6FA0DD00FF6F44 /* woodtext.jpg */; settings = {ASSET_TAGS = (); }; };
		F97464B81C6FA0DD00FF6F44 /* knock.wav in Resources */ = {isa = PBXBuildFile; fileRef = F97464A91C6FA0DD00FF6F44 /* knock.wav */; settings = {ASSET_TAGS = (); }; };
		F97464BA1C6FE13B00FF6F44 /* Game_Loop.wav in Resources */ = {isa = PBXBuildFile; fileRef = F97464B91C6FE13B00FF6F44 /* Game_Loop.wav */; settings = {ASSET_TAGS = (); }; };
		F97464BD1C6FE1F500FF6F44 /* TFTMusicController.swift in Sources */ = {isa = PBXBuildFile; fileRef = F97464BC1C6FE1F500FF6F44 /* TFTMusicController.swift */; settings = {ASSET_TAGS = (); }; };
		F97464BF1C6FE27C00FF6F44 /* AVFoundation.framework in Frameworks */ = {isa = PBXBuildFile; fileRef = F97464BE1C6FE27C00FF6F44 /* AVFoundation.framework */; };
		F97475311C1CAAF50039D437 /* Main.storyboard in Resources */ = {isa = PBXBuildFile; fileRef = F974752F1C1CAAF50039D437 /* Main.storyboard */; };
		F97475331C1CAAF50039D437 /* Assets.xcassets in Resources */ = {isa = PBXBuildFile; fileRef = F97475321C1CAAF50039D437 /* Assets.xcassets */; };
		F97475361C1CAAF50039D437 /* LaunchScreen.storyboard in Resources */ = {isa = PBXBuildFile; fileRef = F97475341C1CAAF50039D437 /* LaunchScreen.storyboard */; };
/* End PBXBuildFile section */

/* Begin PBXFileReference section */
		F97464951C6FA0DD00FF6F44 /* AppDelegate.swift */ = {isa = PBXFileReference; fileEncoding = 4; lastKnownFileType = sourcecode.swift; path = AppDelegate.swift; sourceTree = "<group>"; };
		F97464971C6FA0DD00FF6F44 /* TFTFifteenView.swift */ = {isa = PBXFileReference; fileEncoding = 4; lastKnownFileType = sourcecode.swift; path = TFTFifteenView.swift; sourceTree = "<group>"; };
		F97464981C6FA0DD00FF6F44 /* TFTHighlightButton.swift */ = {isa = PBXFileReference; fileEncoding = 4; lastKnownFileType = sourcecode.swift; path = TFTHighlightButton.swift; sourceTree = "<group>"; };
		F97464991C6FA0DD00FF6F44 /* TFTItemView.swift */ = {isa = PBXFileReference; fileEncoding = 4; lastKnownFileType = sourcecode.swift; path = TFTItemView.swift; sourceTree = "<group>"; };
		F974649A1C6FA0DD00FF6F44 /* TFTItemView.xib */ = {isa = PBXFileReference; fileEncoding = 4; lastKnownFileType = file.xib; path = TFTItemView.xib; sourceTree = "<group>"; };
		F974649C1C6FA0DD00FF6F44 /* TFTFifteenVC.swift */ = {isa = PBXFileReference; fileEncoding = 4; lastKnownFileType = sourcecode.swift; path = TFTFifteenVC.swift; sourceTree = "<group>"; };
		F974649D1C6FA0DD00FF6F44 /* TFTMenuVC.swift */ = {isa = PBXFileReference; fileEncoding = 4; lastKnownFileType = sourcecode.swift; path = TFTMenuVC.swift; sourceTree = "<group>"; };
		F97464A01C6FA0DD00FF6F44 /* roguehero.ttf */ = {isa = PBXFileReference; lastKnownFileType = file; path = roguehero.ttf; sourceTree = "<group>"; };
		F97464A21C6FA0DD00FF6F44 /* boxbg.jpg */ = {isa = PBXFileReference; lastKnownFileType = image.jpeg; path = boxbg.jpg; sourceTree = "<group>"; };
		F97464A31C6FA0DD00FF6F44 /* boxbg1.jpg */ = {isa = PBXFileReference; lastKnownFileType = image.jpeg; path = boxbg1.jpg; sourceTree = "<group>"; };
		F97464A41C6FA0DD00FF6F44 /* itemimage.jpg */ = {isa = PBXFileReference; lastKnownFileType = image.jpeg; path = itemimage.jpg; sourceTree = "<group>"; };
		F97464A51C6FA0DD00FF6F44 /* lightwood.jpg */ = {isa = PBXFileReference; lastKnownFileType = image.jpeg; path = lightwood.jpg; sourceTree = "<group>"; };
		F97464A61C6FA0DD00FF6F44 /* woodbg.jpg */ = {isa = PBXFileReference; lastKnownFileType = image.jpeg; path = woodbg.jpg; sourceTree = "<group>"; };
		F97464A71C6FA0DD00FF6F44 /* woodtext.jpg */ = {isa = PBXFileReference; lastKnownFileType = image.jpeg; path = woodtext.jpg; sourceTree = "<group>"; };
		F97464A91C6FA0DD00FF6F44 /* knock.wav */ = {isa = PBXFileReference; lastKnownFileType = audio.wav; path = knock.wav; sourceTree = "<group>"; };
		F97464B91C6FE13B00FF6F44 /* Game_Loop.wav */ = {isa = PBXFileReference; lastKnownFileType = audio.wav; path = Game_Loop.wav; sourceTree = "<group>"; };
		F97464BC1C6FE1F500FF6F44 /* TFTMusicController.swift */ = {isa = PBXFileReference; fileEncoding = 4; lastKnownFileType = sourcecode.swift; path = TFTMusicController.swift; sourceTree = "<group>"; };
		F97464BE1C6FE27C00FF6F44 /* AVFoundation.framework */ = {isa = PBXFileReference; lastKnownFileType = wrapper.framework; name = AVFoundation.framework; path = System/Library/Frameworks/AVFoundation.framework; sourceTree = SDKROOT; };
		F97475281C1CAAF50039D437 /* TeenFifteen.app */ = {isa = PBXFileReference; explicitFileType = wrapper.application; includeInIndex = 0; path = TeenFifteen.app; sourceTree = BUILT_PRODUCTS_DIR; };
		F97475301C1CAAF50039D437 /* Base */ = {isa = PBXFileReference; lastKnownFileType = file.storyboard; name = Base; path = Base.lproj/Main.storyboard; sourceTree = "<group>"; };
		F97475321C1CAAF50039D437 /* Assets.xcassets */ = {isa = PBXFileReference; lastKnownFileType = folder.assetcatalog; path = Assets.xcassets; sourceTree = "<group>"; };
		F97475351C1CAAF50039D437 /* Base */ = {isa = PBXFileReference; lastKnownFileType = file.storyboard; name = Base; path = Base.lproj/LaunchScreen.storyboard; sourceTree = "<group>"; };
		F97475371C1CAAF50039D437 /* Info.plist */ = {isa = PBXFileReference; lastKnownFileType = text.plist.xml; path = Info.plist; sourceTree = "<group>"; };
/* End PBXFileReference section */

/* Begin PBXFrameworksBuildPhase section */
		F97475251C1CAAF50039D437 /* Frameworks */ = {
			isa = PBXFrameworksBuildPhase;
			buildActionMask = 2147483647;
			files = (
				F97464BF1C6FE27C00FF6F44 /* AVFoundation.framework in Frameworks */,
			);
			runOnlyForDeploymentPostprocessing = 0;
		};
/* End PBXFrameworksBuildPhase section */

/* Begin PBXGroup section */
		F97464941C6FA0DD00FF6F44 /* Classes */ = {
			isa = PBXGroup;
			children = (
				F97464951C6FA0DD00FF6F44 /* AppDelegate.swift */,
				F97464BB1C6FE1D000FF6F44 /* Controller */,
				F97464961C6FA0DD00FF6F44 /* View */,
				F974649B1C6FA0DD00FF6F44 /* ViewController */,
			);
			path = Classes;
			sourceTree = "<group>";
		};
		F97464961C6FA0DD00FF6F44 /* View */ = {
			isa = PBXGroup;
			children = (
				F97464971C6FA0DD00FF6F44 /* TFTFifteenView.swift */,
				F97464981C6FA0DD00FF6F44 /* TFTHighlightButton.swift */,
				F97464991C6FA0DD00FF6F44 /* TFTItemView.swift */,
				F974649A1C6FA0DD00FF6F44 /* TFTItemView.xib */,
			);
			path = View;
			sourceTree = "<group>";
		};
		F974649B1C6FA0DD00FF6F44 /* ViewController */ = {
			isa = PBXGroup;
			children = (
				F974649C1C6FA0DD00FF6F44 /* TFTFifteenVC.swift */,
				F974649D1C6FA0DD00FF6F44 /* TFTMenuVC.swift */,
			);
			path = ViewController;
			sourceTree = "<group>";
		};
		F974649E1C6FA0DD00FF6F44 /* Resources */ = {
			isa = PBXGroup;
			children = (
				F974649F1C6FA0DD00FF6F44 /* Font */,
				F97464A11C6FA0DD00FF6F44 /* Image */,
				F97464A81C6FA0DD00FF6F44 /* Sound */,
			);
			path = Resources;
			sourceTree = "<group>";
		};
		F974649F1C6FA0DD00FF6F44 /* Font */ = {
			isa = PBXGroup;
			children = (
				F97464A01C6FA0DD00FF6F44 /* roguehero.ttf */,
			);
			path = Font;
			sourceTree = "<group>";
		};
		F97464A11C6FA0DD00FF6F44 /* Image */ = {
			isa = PBXGroup;
			children = (
				F97464A21C6FA0DD00FF6F44 /* boxbg.jpg */,
				F97464A31C6FA0DD00FF6F44 /* boxbg1.jpg */,
				F97464A41C6FA0DD00FF6F44 /* itemimage.jpg */,
				F97464A51C6FA0DD00FF6F44 /* lightwood.jpg */,
				F97464A61C6FA0DD00FF6F44 /* woodbg.jpg */,
				F97464A71C6FA0DD00FF6F44 /* woodtext.jpg */,
			);
			path = Image;
			sourceTree = "<group>";
		};
		F97464A81C6FA0DD00FF6F44 /* Sound */ = {
			isa = PBXGroup;
			children = (
				F97464B91C6FE13B00FF6F44 /* Game_Loop.wav */,
				F97464A91C6FA0DD00FF6F44 /* knock.wav */,
			);
			path = Sound;
			sourceTree = "<group>";
		};
		F97464BB1C6FE1D000FF6F44 /* Controller */ = {
			isa = PBXGroup;
			children = (
				F97464BC1C6FE1F500FF6F44 /* TFTMusicController.swift */,
			);
			path = Controller;
			sourceTree = "<group>";
		};
		F974751F1C1CAAF50039D437 = {
			isa = PBXGroup;
			children = (
				F974752A1C1CAAF50039D437 /* TeenFifteen */,
				F97475291C1CAAF50039D437 /* Products */,
			);
			sourceTree = "<group>";
		};
		F97475291C1CAAF50039D437 /* Products */ = {
			isa = PBXGroup;
			children = (
				F97475281C1CAAF50039D437 /* TeenFifteen.app */,
			);
			name = Products;
			sourceTree = "<group>";
		};
		F974752A1C1CAAF50039D437 /* TeenFifteen */ = {
			isa = PBXGroup;
			children = (
				F97464941C6FA0DD00FF6F44 /* Classes */,
				F974649E1C6FA0DD00FF6F44 /* Resources */,
				F974752F1C1CAAF50039D437 /* Main.storyboard */,
				F97475321C1CAAF50039D437 /* Assets.xcassets */,
				F97475341C1CAAF50039D437 /* LaunchScreen.storyboard */,
				F97475371C1CAAF50039D437 /* Info.plist */,
				F97464BE1C6FE27C00FF6F44 /* AVFoundation.framework */,
			);
			path = TeenFifteen;
			sourceTree = "<group>";
		};
/* End PBXGroup section */

/* Begin PBXNativeTarget section */
		F97475271C1CAAF50039D437 /* TeenFifteen */ = {
			isa = PBXNativeTarget;
			buildConfigurationList = F974753A1C1CAAF50039D437 /* Build configuration list for PBXNativeTarget "TeenFifteen" */;
			buildPhases = (
				F97475241C1CAAF50039D437 /* Sources */,
				F97475251C1CAAF50039D437 /* Frameworks */,
				F97475261C1CAAF50039D437 /* Resources */,
			);
			buildRules = (
			);
			dependencies = (
			);
			name = TeenFifteen;
			productName = TeenFifteen;
			productReference = F97475281C1CAAF50039D437 /* TeenFifteen.app */;
			productType = "com.apple.product-type.application";
		};
/* End PBXNativeTarget section */

/* Begin PBXProject section */
		F97475201C1CAAF50039D437 /* Project object */ = {
			isa = PBXProject;
			attributes = {
				LastUpgradeCheck = 0700;
				ORGANIZATIONNAME = "Mykyta Shytik";
				TargetAttributes = {
					F97475271C1CAAF50039D437 = {
						CreatedOnToolsVersion = 7.0.1;
					};
				};
			};
			buildConfigurationList = F97475231C1CAAF50039D437 /* Build configuration list for PBXProject "TeenFifteen" */;
			compatibilityVersion = "Xcode 3.2";
			developmentRegion = English;
			hasScannedForEncodings = 0;
			knownRegions = (
				en,
				Base,
			);
			mainGroup = F974751F1C1CAAF50039D437;
			productRefGroup = F97475291C1CAAF50039D437 /* Products */;
			projectDirPath = "";
			projectRoot = "";
			targets = (
				F97475271C1CAAF50039D437 /* TeenFifteen */,
			);
		};
/* End PBXProject section */

/* Begin PBXResourcesBuildPhase section */
		F97475261C1CAAF50039D437 /* Resources */ = {
			isa = PBXResourcesBuildPhase;
			buildActionMask = 2147483647;
			files = (
				F97464AE1C6FA0DD00FF6F44 /* TFTItemView.xib in Resources */,
				F97464B71C6FA0DD00FF6F44 /* woodtext.jpg in Resources */,
				F97464B11C6FA0DD00FF6F44 /* roguehero.ttf in Resources */,
				F97464B21C6FA0DD00FF6F44 /* boxbg.jpg in Resources */,
				F97475361C1CAAF50039D437 /* LaunchScreen.storyboard in Resources */,
				F97475331C1CAAF50039D437 /* Assets.xcassets in Resources */,
				F97464B51C6FA0DD00FF6F44 /* lightwood.jpg in Resources */,
				F97464B81C6FA0DD00FF6F44 /* knock.wav in Resources */,
				F97475311C1CAAF50039D437 /* Main.storyboard in Resources */,
				F97464BA1C6FE13B00FF6F44 /* Game_Loop.wav in Resources */,
				F97464B41C6FA0DD00FF6F44 /* itemimage.jpg in Resources */,
				F97464B31C6FA0DD00FF6F44 /* boxbg1.jpg in Resources */,
				F97464B61C6FA0DD00FF6F44 /* woodbg.jpg in Resources */,
			);
			runOnlyForDeploymentPostprocessing = 0;
		};
/* End PBXResourcesBuildPhase section */

/* Begin PBXSourcesBuildPhase section */
		F97475241C1CAAF50039D437 /* Sources */ = {
			isa = PBXSourcesBuildPhase;
			buildActionMask = 2147483647;
			files = (
				F97464B01C6FA0DD00FF6F44 /* TFTMenuVC.swift in Sources */,
				F97464AD1C6FA0DD00FF6F44 /* TFTItemView.swift in Sources */,
				F97464AF1C6FA0DD00FF6F44 /* TFTFifteenVC.swift in Sources */,
				F97464AA1C6FA0DD00FF6F44 /* AppDelegate.swift in Sources */,
				F97464AC1C6FA0DD00FF6F44 /* TFTHighlightButton.swift in Sources */,
				F97464AB1C6FA0DD00FF6F44 /* TFTFifteenView.swift in Sources */,
				F97464BD1C6FE1F500FF6F44 /* TFTMusicController.swift in Sources */,
			);
			runOnlyForDeploymentPostprocessing = 0;
		};
/* End PBXSourcesBuildPhase section */

/* Begin PBXVariantGroup section */
		F974752F1C1CAAF50039D437 /* Main.storyboard */ = {
			isa = PBXVariantGroup;
			children = (
				F97475301C1CAAF50039D437 /* Base */,
			);
			name = Main.storyboard;
			sourceTree = "<group>";
		};
		F97475341C1CAAF50039D437 /* LaunchScreen.storyboard */ = {
			isa = PBXVariantGroup;
			children = (
				F97475351C1CAAF50039D437 /* Base */,
			);
			name = LaunchScreen.storyboard;
			sourceTree = "<group>";
		};
/* End PBXVariantGroup section */

/* Begin XCBuildConfiguration section */
		F97475381C1CAAF50039D437 /* Debug */ = {
			isa = XCBuildConfiguration;
			buildSettings = {
				ALWAYS_SEARCH_USER_PATHS = NO;
				CLANG_CXX_LANGUAGE_STANDARD = "gnu++0x";
				CLANG_CXX_LIBRARY = "libc++";
				CLANG_ENABLE_MODULES = YES;
				CLANG_ENABLE_OBJC_ARC = YES;
				CLANG_WARN_BOOL_CONVERSION = YES;
				CLANG_WARN_CONSTANT_CONVERSION = YES;
				CLANG_WARN_DIRECT_OBJC_ISA_USAGE = YES_ERROR;
				CLANG_WARN_EMPTY_BODY = YES;
				CLANG_WARN_ENUM_CONVERSION = YES;
				CLANG_WARN_INT_CONVERSION = YES;
				CLANG_WARN_OBJC_ROOT_CLASS = YES_ERROR;
				CLANG_WARN_UNREACHABLE_CODE = YES;
				CLANG_WARN__DUPLICATE_METHOD_MATCH = YES;
				"CODE_SIGN_IDENTITY[sdk=iphoneos*]" = "iPhone Developer";
				COPY_PHASE_STRIP = NO;
				DEBUG_INFORMATION_FORMAT = dwarf;
				ENABLE_STRICT_OBJC_MSGSEND = YES;
				ENABLE_TESTABILITY = YES;
				GCC_C_LANGUAGE_STANDARD = gnu99;
				GCC_DYNAMIC_NO_PIC = NO;
				GCC_NO_COMMON_BLOCKS = YES;
				GCC_OPTIMIZATION_LEVEL = 0;
				GCC_PREPROCESSOR_DEFINITIONS = (
					"DEBUG=1",
					"$(inherited)",
				);
				GCC_WARN_64_TO_32_BIT_CONVERSION = YES;
				GCC_WARN_ABOUT_RETURN_TYPE = YES_ERROR;
				GCC_WARN_UNDECLARED_SELECTOR = YES;
				GCC_WARN_UNINITIALIZED_AUTOS = YES_AGGRESSIVE;
				GCC_WARN_UNUSED_FUNCTION = YES;
				GCC_WARN_UNUSED_VARIABLE = YES;
				IPHONEOS_DEPLOYMENT_TARGET = 9.0;
				MTL_ENABLE_DEBUG_INFO = YES;
				ONLY_ACTIVE_ARCH = YES;
				SDKROOT = iphoneos;
				SWIFT_OPTIMIZATION_LEVEL = "-Onone";
			};
			name = Debug;
		};
		F97475391C1CAAF50039D437 /* Release */ = {
			isa = XCBuildConfiguration;
			buildSettings = {
				ALWAYS_SEARCH_USER_PATHS = NO;
				CLANG_CXX_LANGUAGE_STANDARD = "gnu++0x";
				CLANG_CXX_LIBRARY = "libc++";
				CLANG_ENABLE_MODULES = YES;
				CLANG_ENABLE_OBJC_ARC = YES;
				CLANG_WARN_BOOL_CONVERSION = YES;
				CLANG_WARN_CONSTANT_CONVERSION = YES;
				CLANG_WARN_DIRECT_OBJC_ISA_USAGE = YES_ERROR;
				CLANG_WARN_EMPTY_BODY = YES;
				CLANG_WARN_ENUM_CONVERSION = YES;
				CLANG_WARN_INT_CONVERSION = YES;
				CLANG_WARN_OBJC_ROOT_CLASS = YES_ERROR;
				CLANG_WARN_UNREACHABLE_CODE = YES;
				CLANG_WARN__DUPLICATE_METHOD_MATCH = YES;
				"CODE_SIGN_IDENTITY[sdk=iphoneos*]" = "iPhone Developer";
				COPY_PHASE_STRIP = NO;
				DEBUG_INFORMATION_FORMAT = "dwarf-with-dsym";
				ENABLE_NS_ASSERTIONS = NO;
				ENABLE_STRICT_OBJC_MSGSEND = YES;
				GCC_C_LANGUAGE_STANDARD = gnu99;
				GCC_NO_COMMON_BLOCKS = YES;
				GCC_WARN_64_TO_32_BIT_CONVERSION = YES;
				GCC_WARN_ABOUT_RETURN_TYPE = YES_ERROR;
				GCC_WARN_UNDECLARED_SELECTOR = YES;
				GCC_WARN_UNINITIALIZED_AUTOS = YES_AGGRESSIVE;
				GCC_WARN_UNUSED_FUNCTION = YES;
				GCC_WARN_UNUSED_VARIABLE = YES;
				IPHONEOS_DEPLOYMENT_TARGET = 9.0;
				MTL_ENABLE_DEBUG_INFO = NO;
				SDKROOT = iphoneos;
				VALIDATE_PRODUCT = YES;
			};
			name = Release;
		};
		F974753B1C1CAAF50039D437 /* Debug */ = {
			isa = XCBuildConfiguration;
			buildSettings = {
				ASSETCATALOG_COMPILER_APPICON_NAME = AppIcon;
				CODE_SIGN_IDENTITY = "iPhone Developer: Kate Kaminskaya (6ABU6499FL)";
				INFOPLIST_FILE = TeenFifteen/Info.plist;
				IPHONEOS_DEPLOYMENT_TARGET = 7.0;
				LD_RUNPATH_SEARCH_PATHS = "$(inherited) @executable_path/Frameworks";
				PRODUCT_BUNDLE_IDENTIFIER = com.mykytashytik.TeenFifteen;
				PRODUCT_NAME = "$(TARGET_NAME)";
				PROVISIONING_PROFILE = "64852426-fc2d-47e7-a73f-fe62be11a14e";
			};
			name = Debug;
		};
		F974753C1C1CAAF50039D437 /* Release */ = {
			isa = XCBuildConfiguration;
			buildSettings = {
				ASSETCATALOG_COMPILER_APPICON_NAME = AppIcon;
				CODE_SIGN_IDENTITY = "iPhone Developer: Kate Kaminskaya (6ABU6499FL)";
				INFOPLIST_FILE = TeenFifteen/Info.plist;
				IPHONEOS_DEPLOYMENT_TARGET = 7.0;
				LD_RUNPATH_SEARCH_PATHS = "$(inherited) @executable_path/Frameworks";
				PRODUCT_BUNDLE_IDENTIFIER = com.mykytashytik.TeenFifteen;
				PRODUCT_NAME = "$(TARGET_NAME)";
				PROVISIONING_PROFILE = "64852426-fc2d-47e7-a73f-fe62be11a14e";
			};
			name = Release;
		};
/* End XCBuildConfiguration section */

/* Begin XCConfigurationList section */
		F97475231C1CAAF50039D437 /* Build configuration list for PBXProject "TeenFifteen" */ = {
			isa = XCConfigurationList;
			buildConfigurations = (
				F97475381C1CAAF50039D437 /* Debug */,
				F97475391C1CAAF50039D437 /* Release */,
			);
			defaultConfigurationIsVisible = 0;
			defaultConfigurationName = Release;
		};
		F974753A1C1CAAF50039D437 /* Build configuration list for PBXNativeTarget "TeenFifteen" */ = {
			isa = XCConfigurationList;
			buildConfigurations = (
				F974753B1C1CAAF50039D437 /* Debug */,
				F974753C1C1CAAF50039D437 /* Release */,
			);
			defaultConfigurationIsVisible = 0;
			defaultConfigurationName = Release;
		};
/* End XCConfigurationList section */
	};
	rootObject = F97475201C1CAAF50039D437 /* Project object */;
}
